Microsoft Visual Studio Solution File, Format Version 12.00
# Visual Studio Version 17
VisualStudioVersion = 17.5.2.0
MinimumVisualStudioVersion = 10.0.40219.1
Project("{FAE04EC0-301F-11D3-BF4B-00C04F79EFBC}") = "DataRefineX", "DataRefineX.csproj", "{4D2DDD0A-0FCC-7AD6-4CAA-E118F2596D27}"
EndProject
Project("{2150E333-8FDC-42A3-9474-1A3956D46DE8}") = "tests", "tests", "{0AB3BF05-4346-4AA6-1389-037BE0695223}"
EndProject
Project("{FAE04EC0-301F-11D3-BF4B-00C04F79EFBC}") = "IntegrationTest", "tests\IntegrationTest.csproj", "{02C30160-6BD1-6338-9406-FD74480BCE32}"
EndProject
Global
	GlobalSection(SolutionConfigurationPlatforms) = preSolution
		Debug|Any CPU = Debug|Any CPU
		Release|Any CPU = Release|Any CPU
	EndGlobalSection
	GlobalSection(ProjectConfigurationPlatforms) = postSolution
		{4D2DDD0A-0FCC-7AD6-4CAA-E118F2596D27}.Debug|Any CPU.ActiveCfg = Debug|Any CPU
		{4D2DDD0A-0FCC-7AD6-4CAA-E118F2596D27}.Debug|Any CPU.Build.0 = Debug|Any CPU
		{4D2DDD0A-0FCC-7AD6-4CAA-E118F2596D27}.Release|Any CPU.ActiveCfg = Release|Any CPU
		{4D2DDD0A-0FCC-7AD6-4CAA-E118F2596D27}.Release|Any CPU.Build.0 = Release|Any CPU
		{02C30160-6BD1-6338-9406-FD74480BCE32}.Debug|Any CPU.ActiveCfg = Debug|Any CPU
		{02C30160-6BD1-6338-9406-FD74480BCE32}.Debug|Any CPU.Build.0 = Debug|Any CPU
		{02C30160-6BD1-6338-9406-FD74480BCE32}.Release|Any CPU.ActiveCfg = Release|Any CPU
		{02C30160-6BD1-6338-9406-FD74480BCE32}.Release|Any CPU.Build.0 = Release|Any CPU
	EndGlobalSection
	GlobalSection(SolutionProperties) = preSolution
		HideSolutionNode = FALSE
	EndGlobalSection
	GlobalSection(NestedProjects) = preSolution
		{02C30160-6BD1-6338-9406-FD74480BCE32} = {0AB3BF05-4346-4AA6-1389-037BE0695223}
	EndGlobalSection
	GlobalSection(ExtensibilityGlobals) = postSolution
		SolutionGuid = {94206D01-BB11-4F4D-995C-BD6F141006F7}
	EndGlobalSection
EndGlobal
